
Microsoft Visual Studio Solution File, Format Version 12.00
# Visual Studio Version 17
VisualStudioVersion = 17.14.37111.16 d17.14
MinimumVisualStudioVersion = 10.0.40219.1
Project("{FAE04EC0-301F-11D3-BF4B-00C04F79EFBC}") = "JWT Project", "JWT Project\JWT Project.csproj", "{CAEEE4C3-0D49-421B-8EEC-9C667A6EB8E4}"
EndProject
Global
	GlobalSection(SolutionConfigurationPlatforms) = preSolution
		Debug|Any CPU = Debug|Any CPU
		Release|Any CPU = Release|Any CPU
	EndGlobalSection
	GlobalSection(ProjectConfigurationPlatforms) = postSolution
		{CAEEE4C3-0D49-421B-8EEC-9C667A6EB8E4}.Debug|Any CPU.ActiveCfg = Debug|Any CPU
		{CAEEE4C3-0D49-421B-8EEC-9C667A6EB8E4}.Debug|Any CPU.Build.0 = Debug|Any CPU
		{CAEEE4C3-0D49-421B-8EEC-9C667A6EB8E4}.Release|Any CPU.ActiveCfg = Release|Any CPU
		{CAEEE4C3-0D49-421B-8EEC-9C667A6EB8E4}.Release|Any CPU.Build.0 = Release|Any CPU
	EndGlobalSection
	GlobalSection(SolutionProperties) = preSolution
		HideSolutionNode = FALSE
	EndGlobalSection
	GlobalSection(ExtensibilityGlobals) = postSolution
		SolutionGuid = {2BE16C1C-1655-493E-8A90-85770E787710}
	EndGlobalSection
EndGlobal
